<Solution>
    <Project Path="Lapsus/Lapsus.csproj"/>
    <Project Path="Lapsus.Core/Lapsus.Core.csproj"/>
    <Project Path="Lapsus.Core.Tests/Lapsus.Core.Tests.csproj"/>
    <Project Path="Lapsus.Tests/Lapsus.Tests.csproj"/>
    <Project Path="tools/Lapsus.Sweep/Lapsus.Sweep.csproj"/>
    <Project Path="tools/Lapsus.Lexicons/Lapsus.Lexicons.csproj"/>
</Solution>